{
  "name": "is-albanian-name",
  "version": "0.0.2",
  "lockfileVersion": 3,
  "requires": true,
  "packages": {
    "": {
      "name": "is-albanian-name",
      "version": "0.0.2",
      "license": "MIT",
      "dependencies": {
        "albanian-names-dataset": "^0.0.7"
      }
    },
    "node_modules/albanian-names-dataset": {
      "version": "0.0.7",
      "resolved": "https://registry.npmjs.org/albanian-names-dataset/-/albanian-names-dataset-0.0.7.tgz",
      "integrity": "sha512-7Kn4El8+S8jMsrmfNR0YOtajP3cvw9Kq6q17FNg0CGdW8kUMm4OE9MH3ijbzDDEMA9y3qLNFz0rZOTJlqt0vHA=="
    }
  }
}
