{
  "name": "is-albanian-name",
  "version": "0.0.2",
  "lockfileVersion": 3,
  "requires": true,
  "packages": {
    "": {
      "name": "is-albanian-name",
      "version": "0.0.2",
      "license": "MIT",
      "dependencies": {
        "albanian-names-dataset": "^0.0.8"
      }
    },
    "node_modules/albanian-names-dataset": {
      "version": "0.0.8",
      "resolved": "https://registry.npmjs.org/albanian-names-dataset/-/albanian-names-dataset-0.0.8.tgz",
      "integrity": "sha512-p6UVxmmboX8snKyV0+vVqF02s1dBqE4queiNMKH67uIGNcPayLPr2d/sJhONzVMyxXQe43sYhSJSTlKs7HLNqA=="
    }
  }
}
